
Microsoft Visual Studio Solution File, Format Version 12.00
# Visual Studio Version 17
VisualStudioVersion = 17.9.34728.123
MinimumVisualStudioVersion = 10.0.40219.1
Project("{FAE04EC0-301F-11D3-BF4B-00C04F79EFBC}") = "grafika", "grafika\grafika.csproj", "{A530AB8F-7DC9-4615-9006-236DF5430F1C}"
EndProject
Project("{FAE04EC0-301F-11D3-BF4B-00C04F79EFBC}") = "tictacto", "tictacto\tictacto.csproj", "{6E62E742-E980-44CD-9A7E-3897D075916D}"
EndProject
Project("{FAE04EC0-301F-11D3-BF4B-00C04F79EFBC}") = "GeomLiki", "GeomLiki\GeomLiki.csproj", "{4D804F9C-AAC5-4A20-8F00-BE0E00179A4B}"
EndProject
Project("{FAE04EC0-301F-11D3-BF4B-00C04F79EFBC}") = "datoteke", "datoteke\datoteke.csproj", "{6C5FAFE3-93A6-4E4E-B000-8F79924553F9}"
EndProject
Project("{FAE04EC0-301F-11D3-BF4B-00C04F79EFBC}") = "apk2", "apk2\apk2.csproj", "{4FA47A44-1133-4D04-9C7A-3EFA43617F8F}"
EndProject
Project("{FAE04EC0-301F-11D3-BF4B-00C04F79EFBC}") = "3vVrsto", "3vVrsto\3vVrsto.csproj", "{56745EEB-C5BF-48BB-88D1-400E7678A32D}"
EndProject
Project("{FAE04EC0-301F-11D3-BF4B-00C04F79EFBC}") = "Bum", "Bum\Bum.csproj", "{0960F5A9-7DE2-4DAB-8A81-E5E11E2332E8}"
EndProject
Project("{FAE04EC0-301F-11D3-BF4B-00C04F79EFBC}") = "polinomi", "polinomi\polinomi.csproj", "{32BFCE93-4F50-4656-935D-B88D97F2EC6E}"
EndProject
Project("{FAE04EC0-301F-11D3-BF4B-00C04F79EFBC}") = "generiki", "generiki\generiki.csproj", "{4E28AB53-AC5A-440E-9D81-917AA829DA6D}"
EndProject
Project("{FAE04EC0-301F-11D3-BF4B-00C04F79EFBC}") = "nal4", "nal4\nal4.csproj", "{C61106C2-1E42-4B42-B61B-1A505BD91C9F}"
EndProject
Project("{FAE04EC0-301F-11D3-BF4B-00C04F79EFBC}") = "Vsota1", "Vsota1\Vsota1.csproj", "{D8A87B6A-44C3-47EC-AC7E-59498971D71E}"
EndProject
Project("{FAE04EC0-301F-11D3-BF4B-00C04F79EFBC}") = "Vsota1Tests", "Vsota1Tests\Vsota1Tests.csproj", "{E3BEFAAD-0A81-45F4-A9E6-ADECF19F8879}"
EndProject
Project("{FAE04EC0-301F-11D3-BF4B-00C04F79EFBC}") = "kvadratIzpit", "kvadrat\kvadratIzpit.csproj", "{294DDAFF-E28B-4E73-8DE7-B49425A06B7C}"
EndProject
Project("{FAE04EC0-301F-11D3-BF4B-00C04F79EFBC}") = "Filmi", "Filmi\Filmi.csproj", "{11C2B716-1131-4C53-AB8E-B3D7A639ECAD}"
EndProject
Project("{FAE04EC0-301F-11D3-BF4B-00C04F79EFBC}") = "Nobel", "Nobel\Nobel.csproj", "{77DB6D6B-1426-4767-B5F0-6A39AF485D9B}"
EndProject
Global
	GlobalSection(SolutionConfigurationPlatforms) = preSolution
		Debug|Any CPU = Debug|Any CPU
		Release|Any CPU = Release|Any CPU
	EndGlobalSection
	GlobalSection(ProjectConfigurationPlatforms) = postSolution
		{A530AB8F-7DC9-4615-9006-236DF5430F1C}.Debug|Any CPU.ActiveCfg = Debug|Any CPU
		{A530AB8F-7DC9-4615-9006-236DF5430F1C}.Debug|Any CPU.Build.0 = Debug|Any CPU
		{A530AB8F-7DC9-4615-9006-236DF5430F1C}.Release|Any CPU.ActiveCfg = Release|Any CPU
		{A530AB8F-7DC9-4615-9006-236DF5430F1C}.Release|Any CPU.Build.0 = Release|Any CPU
		{6E62E742-E980-44CD-9A7E-3897D075916D}.Debug|Any CPU.ActiveCfg = Debug|Any CPU
		{6E62E742-E980-44CD-9A7E-3897D075916D}.Debug|Any CPU.Build.0 = Debug|Any CPU
		{6E62E742-E980-44CD-9A7E-3897D075916D}.Release|Any CPU.ActiveCfg = Release|Any CPU
		{6E62E742-E980-44CD-9A7E-3897D075916D}.Release|Any CPU.Build.0 = Release|Any CPU
		{4D804F9C-AAC5-4A20-8F00-BE0E00179A4B}.Debug|Any CPU.ActiveCfg = Debug|Any CPU
		{4D804F9C-AAC5-4A20-8F00-BE0E00179A4B}.Debug|Any CPU.Build.0 = Debug|Any CPU
		{4D804F9C-AAC5-4A20-8F00-BE0E00179A4B}.Release|Any CPU.ActiveCfg = Release|Any CPU
		{4D804F9C-AAC5-4A20-8F00-BE0E00179A4B}.Release|Any CPU.Build.0 = Release|Any CPU
		{6C5FAFE3-93A6-4E4E-B000-8F79924553F9}.Debug|Any CPU.ActiveCfg = Debug|Any CPU
		{6C5FAFE3-93A6-4E4E-B000-8F79924553F9}.Debug|Any CPU.Build.0 = Debug|Any CPU
		{6C5FAFE3-93A6-4E4E-B000-8F79924553F9}.Release|Any CPU.ActiveCfg = Release|Any CPU
		{6C5FAFE3-93A6-4E4E-B000-8F79924553F9}.Release|Any CPU.Build.0 = Release|Any CPU
		{4FA47A44-1133-4D04-9C7A-3EFA43617F8F}.Debug|Any CPU.ActiveCfg = Debug|Any CPU
		{4FA47A44-1133-4D04-9C7A-3EFA43617F8F}.Debug|Any CPU.Build.0 = Debug|Any CPU
		{4FA47A44-1133-4D04-9C7A-3EFA43617F8F}.Release|Any CPU.ActiveCfg = Release|Any CPU
		{4FA47A44-1133-4D04-9C7A-3EFA43617F8F}.Release|Any CPU.Build.0 = Release|Any CPU
		{56745EEB-C5BF-48BB-88D1-400E7678A32D}.Debug|Any CPU.ActiveCfg = Debug|Any CPU
		{56745EEB-C5BF-48BB-88D1-400E7678A32D}.Debug|Any CPU.Build.0 = Debug|Any CPU
		{56745EEB-C5BF-48BB-88D1-400E7678A32D}.Release|Any CPU.ActiveCfg = Release|Any CPU
		{56745EEB-C5BF-48BB-88D1-400E7678A32D}.Release|Any CPU.Build.0 = Release|Any CPU
		{0960F5A9-7DE2-4DAB-8A81-E5E11E2332E8}.Debug|Any CPU.ActiveCfg = Debug|Any CPU
		{0960F5A9-7DE2-4DAB-8A81-E5E11E2332E8}.Debug|Any CPU.Build.0 = Debug|Any CPU
		{0960F5A9-7DE2-4DAB-8A81-E5E11E2332E8}.Release|Any CPU.ActiveCfg = Release|Any CPU
		{0960F5A9-7DE2-4DAB-8A81-E5E11E2332E8}.Release|Any CPU.Build.0 = Release|Any CPU
		{32BFCE93-4F50-4656-935D-B88D97F2EC6E}.Debug|Any CPU.ActiveCfg = Debug|Any CPU
		{32BFCE93-4F50-4656-935D-B88D97F2EC6E}.Debug|Any CPU.Build.0 = Debug|Any CPU
		{32BFCE93-4F50-4656-935D-B88D97F2EC6E}.Release|Any CPU.ActiveCfg = Release|Any CPU
		{32BFCE93-4F50-4656-935D-B88D97F2EC6E}.Release|Any CPU.Build.0 = Release|Any CPU
		{4E28AB53-AC5A-440E-9D81-917AA829DA6D}.Debug|Any CPU.ActiveCfg = Debug|Any CPU
		{4E28AB53-AC5A-440E-9D81-917AA829DA6D}.Debug|Any CPU.Build.0 = Debug|Any CPU
		{4E28AB53-AC5A-440E-9D81-917AA829DA6D}.Release|Any CPU.ActiveCfg = Release|Any CPU
		{4E28AB53-AC5A-440E-9D81-917AA829DA6D}.Release|Any CPU.Build.0 = Release|Any CPU
		{C61106C2-1E42-4B42-B61B-1A505BD91C9F}.Debug|Any CPU.ActiveCfg = Debug|Any CPU
		{C61106C2-1E42-4B42-B61B-1A505BD91C9F}.Debug|Any CPU.Build.0 = Debug|Any CPU
		{C61106C2-1E42-4B42-B61B-1A505BD91C9F}.Release|Any CPU.ActiveCfg = Release|Any CPU
		{C61106C2-1E42-4B42-B61B-1A505BD91C9F}.Release|Any CPU.Build.0 = Release|Any CPU
		{D8A87B6A-44C3-47EC-AC7E-59498971D71E}.Debug|Any CPU.ActiveCfg = Debug|Any CPU
		{D8A87B6A-44C3-47EC-AC7E-59498971D71E}.Debug|Any CPU.Build.0 = Debug|Any CPU
		{D8A87B6A-44C3-47EC-AC7E-59498971D71E}.Release|Any CPU.ActiveCfg = Release|Any CPU
		{D8A87B6A-44C3-47EC-AC7E-59498971D71E}.Release|Any CPU.Build.0 = Release|Any CPU
		{E3BEFAAD-0A81-45F4-A9E6-ADECF19F8879}.Debug|Any CPU.ActiveCfg = Debug|Any CPU
		{E3BEFAAD-0A81-45F4-A9E6-ADECF19F8879}.Debug|Any CPU.Build.0 = Debug|Any CPU
		{E3BEFAAD-0A81-45F4-A9E6-ADECF19F8879}.Release|Any CPU.ActiveCfg = Release|Any CPU
		{E3BEFAAD-0A81-45F4-A9E6-ADECF19F8879}.Release|Any CPU.Build.0 = Release|Any CPU
		{294DDAFF-E28B-4E73-8DE7-B49425A06B7C}.Debug|Any CPU.ActiveCfg = Debug|Any CPU
		{294DDAFF-E28B-4E73-8DE7-B49425A06B7C}.Debug|Any CPU.Build.0 = Debug|Any CPU
		{294DDAFF-E28B-4E73-8DE7-B49425A06B7C}.Release|Any CPU.ActiveCfg = Release|Any CPU
		{294DDAFF-E28B-4E73-8DE7-B49425A06B7C}.Release|Any CPU.Build.0 = Release|Any CPU
		{11C2B716-1131-4C53-AB8E-B3D7A639ECAD}.Debug|Any CPU.ActiveCfg = Debug|Any CPU
		{11C2B716-1131-4C53-AB8E-B3D7A639ECAD}.Debug|Any CPU.Build.0 = Debug|Any CPU
		{11C2B716-1131-4C53-AB8E-B3D7A639ECAD}.Release|Any CPU.ActiveCfg = Release|Any CPU
		{11C2B716-1131-4C53-AB8E-B3D7A639ECAD}.Release|Any CPU.Build.0 = Release|Any CPU
		{77DB6D6B-1426-4767-B5F0-6A39AF485D9B}.Debug|Any CPU.ActiveCfg = Debug|Any CPU
		{77DB6D6B-1426-4767-B5F0-6A39AF485D9B}.Debug|Any CPU.Build.0 = Debug|Any CPU
		{77DB6D6B-1426-4767-B5F0-6A39AF485D9B}.Release|Any CPU.ActiveCfg = Release|Any CPU
		{77DB6D6B-1426-4767-B5F0-6A39AF485D9B}.Release|Any CPU.Build.0 = Release|Any CPU
	EndGlobalSection
	GlobalSection(SolutionProperties) = preSolution
		HideSolutionNode = FALSE
	EndGlobalSection
	GlobalSection(ExtensibilityGlobals) = postSolution
		SolutionGuid = {2805DBA1-A511-4E02-9FAA-9020E13D7059}
	EndGlobalSection
EndGlobal
