
Microsoft Visual Studio Solution File, Format Version 12.00
# Visual Studio Version 17
VisualStudioVersion = 17.9.34728.123
MinimumVisualStudioVersion = 10.0.40219.1
Project("{FAE04EC0-301F-11D3-BF4B-00C04F79EFBC}") = "grafika", "grafika\grafika.csproj", "{A530AB8F-7DC9-4615-9006-236DF5430F1C}"
EndProject
Project("{FAE04EC0-301F-11D3-BF4B-00C04F79EFBC}") = "tictacto", "tictacto\tictacto.csproj", "{6E62E742-E980-44CD-9A7E-3897D075916D}"
EndProject
Project("{FAE04EC0-301F-11D3-BF4B-00C04F79EFBC}") = "GeomLiki", "GeomLiki\GeomLiki.csproj", "{4D804F9C-AAC5-4A20-8F00-BE0E00179A4B}"
EndProject
Project("{FAE04EC0-301F-11D3-BF4B-00C04F79EFBC}") = "datoteke", "datoteke\datoteke.csproj", "{6C5FAFE3-93A6-4E4E-B000-8F79924553F9}"
EndProject
Project("{FAE04EC0-301F-11D3-BF4B-00C04F79EFBC}") = "apk2", "apk2\apk2.csproj", "{4FA47A44-1133-4D04-9C7A-3EFA43617F8F}"
EndProject
Project("{FAE04EC0-301F-11D3-BF4B-00C04F79EFBC}") = "3vVrsto", "3vVrsto\3vVrsto.csproj", "{56745EEB-C5BF-48BB-88D1-400E7678A32D}"
EndProject
Project("{FAE04EC0-301F-11D3-BF4B-00C04F79EFBC}") = "Bum", "Bum\Bum.csproj", "{0960F5A9-7DE2-4DAB-8A81-E5E11E2332E8}"
EndProject
Project("{FAE04EC0-301F-11D3-BF4B-00C04F79EFBC}") = "polinomi", "polinomi\polinomi.csproj", "{32BFCE93-4F50-4656-935D-B88D97F2EC6E}"
EndProject
Project("{FAE04EC0-301F-11D3-BF4B-00C04F79EFBC}") = "generiki", "generiki\generiki.csproj", "{4E28AB53-AC5A-440E-9D81-917AA829DA6D}"
EndProject
Project("{FAE04EC0-301F-11D3-BF4B-00C04F79EFBC}") = "nal4", "nal4\nal4.csproj", "{C61106C2-1E42-4B42-B61B-1A505BD91C9F}"
EndProject
Project("{FAE04EC0-301F-11D3-BF4B-00C04F79EFBC}") = "Vsota1", "Vsota1\Vsota1.csproj", "{D8A87B6A-44C3-47EC-AC7E-59498971D71E}"
EndProject
Project("{FAE04EC0-301F-11D3-BF4B-00C04F79EFBC}") = "Vsota1Tests", "Vsota1Tests\Vsota1Tests.csproj", "{E3BEFAAD-0A81-45F4-A9E6-ADECF19F8879}"
EndProject
Project("{FAE04EC0-301F-11D3-BF4B-00C04F79EFBC}") = "kvadratIzpit", "kvadrat\kvadratIzpit.csproj", "{294DDAFF-E28B-4E73-8DE7-B49425A06B7C}"
EndProject
Project("{FAE04EC0-301F-11D3-BF4B-00C04F79EFBC}") = "Filmi", "Filmi\Filmi.csproj", "{11C2B716-1131-4C53-AB8E-B3D7A639ECAD}"
EndProject
Project("{FAE04EC0-301F-11D3-BF4B-00C04F79EFBC}") = "Nobel", "Nobel\Nobel.csproj", "{77DB6D6B-1426-4767-B5F0-6A39AF485D9B}"
EndProject
Project("{FAE04EC0-301F-11D3-BF4B-00C04F79EFBC}") = "Bisekcija", "Bisekcija\Bisekcija.csproj", "{B5818030-2656-4FCB-88FF-751C620927E2}"
EndProject
Project("{FAE04EC0-301F-11D3-BF4B-00C04F79EFBC}") = "kolikoNajvecjih", "kolikoNajvecjih\kolikoNajvecjih.csproj", "{1AA944EF-4410-477B-8966-F213C3B616F8}"
EndProject
Project("{FAE04EC0-301F-11D3-BF4B-00C04F79EFBC}") = "mnozimoSe", "mnozimoSe\mnozimoSe.csproj", "{F0A27894-D533-4AF5-887E-CF8F6261B7A1}"
EndProject
Project("{FAE04EC0-301F-11D3-BF4B-00C04F79EFBC}") = "srednjiElement", "srednjiElement\srednjiElement.csproj", "{49729580-FEE5-47D4-901D-2E4B170B5DA1}"
EndProject
Project("{FAE04EC0-301F-11D3-BF4B-00C04F79EFBC}") = "stave1NINAREJENO", "stave1\stave1NINAREJENO.csproj", "{31EEB289-86E4-43C8-837F-62EF5D727591}"
EndProject
Project("{FAE04EC0-301F-11D3-BF4B-00C04F79EFBC}") = "IzCSVVAsociativniSeznamNINAREJENO", "IzCSVVAsociativniSeznam\IzCSVVAsociativniSeznamNINAREJENO.csproj", "{4777EB38-FBE6-4B07-BA00-0A7296B3F569}"
EndProject
Project("{FAE04EC0-301F-11D3-BF4B-00C04F79EFBC}") = "EnostavnaStevila", "EnostavnaStevila\EnostavnaStevila.csproj", "{C84D42FB-BFC7-47FE-9D4D-047A37C04E00}"
EndProject
Project("{FAE04EC0-301F-11D3-BF4B-00C04F79EFBC}") = "vrniNtiNajmanjši", "vrniNtiNajmanjši\vrniNtiNajmanjši.csproj", "{4086257C-1768-4B2F-9982-D2C9541D0A31}"
EndProject
Project("{FAE04EC0-301F-11D3-BF4B-00C04F79EFBC}") = "vrniNtiNajmanjšiTests", "vrniNtiNajmanjšiTests\vrniNtiNajmanjšiTests.csproj", "{FB50C025-0D13-4B5B-BBC1-09A3EA3AF2DF}"
EndProject
Project("{FAE04EC0-301F-11D3-BF4B-00C04F79EFBC}") = "NaDatotekoBrezOklepajev", "NaDatotekoBrezOklepajev\NaDatotekoBrezOklepajev.csproj", "{1A514149-BB31-4EBF-A1BE-6722EAE800B1}"
EndProject
Project("{FAE04EC0-301F-11D3-BF4B-00C04F79EFBC}") = "KvadratnaEnacba", "KvadratnaEnacba\KvadratnaEnacba.csproj", "{0F430ECB-0FE0-41AB-BA09-8C42C3954670}"
EndProject
Project("{FAE04EC0-301F-11D3-BF4B-00C04F79EFBC}") = "KvadratnaEnacbaTests", "KvadratnaEnacbaTests\KvadratnaEnacbaTests.csproj", "{FE57E2F0-DDEA-41BC-8C71-0E29C131083A}"
EndProject
Project("{FAE04EC0-301F-11D3-BF4B-00C04F79EFBC}") = "Obracamo", "Obracamo\Obracamo.csproj", "{294E8F63-3BAA-4338-B673-FF2BF342AC2B}"
EndProject
Project("{FAE04EC0-301F-11D3-BF4B-00C04F79EFBC}") = "IzCSVvHTML", "IzCSVvHTML\IzCSVvHTML.csproj", "{928C32EF-52C7-4E51-8194-B148C1D0392F}"
EndProject
Project("{FAE04EC0-301F-11D3-BF4B-00C04F79EFBC}") = "StevkeSoDelitelhji", "StevkeSoDelitelhji\StevkeSoDelitelhji.csproj", "{DD7E6CD7-006A-4C7D-AFBD-7E86B83AD37F}"
EndProject
Project("{FAE04EC0-301F-11D3-BF4B-00C04F79EFBC}") = "StevkeSoDelitelhjiTests", "StevkeSoDelitelhjiTests\StevkeSoDelitelhjiTests.csproj", "{76B73E2F-E202-48BF-89C1-1EBEAAC21A10}"
EndProject
Project("{FAE04EC0-301F-11D3-BF4B-00C04F79EFBC}") = "VivaLaDifference", "VivaLaDifference\VivaLaDifference.csproj", "{BB9864AE-A594-4DF6-9C12-3200E99D50ED}"
EndProject
Project("{FAE04EC0-301F-11D3-BF4B-00C04F79EFBC}") = "IzmenjavaBrav", "IzmenjavaBrav\IzmenjavaBrav.csproj", "{BC229A79-8CE0-4B97-AC75-C73142C48DAE}"
EndProject
Project("{FAE04EC0-301F-11D3-BF4B-00C04F79EFBC}") = "Odstevalnik", "Odstevalnik\Odstevalnik.csproj", "{8770CD07-0F06-4DDF-A61C-3CCFFFD3C27B}"
EndProject
Project("{FAE04EC0-301F-11D3-BF4B-00C04F79EFBC}") = "RKosarica", "RKosarica\RKosarica.csproj", "{9E4BE356-D64A-4C4E-9654-0D0F94BE8194}"
EndProject
Project("{FAE04EC0-301F-11D3-BF4B-00C04F79EFBC}") = "RKolo", "RKolo\RKolo.csproj", "{1773DFE8-5F29-4940-B37C-7469D35A9CB2}"
EndProject
Project("{FAE04EC0-301F-11D3-BF4B-00C04F79EFBC}") = "Majica", "Majica\Majica.csproj", "{F39BE3C6-3713-4507-A542-91366A6DB9F8}"
EndProject
Project("{FAE04EC0-301F-11D3-BF4B-00C04F79EFBC}") = "Račun", "Račun\Račun.csproj", "{26B79905-651C-464B-8959-02A6EDEA3E9F}"
EndProject
Project("{FAE04EC0-301F-11D3-BF4B-00C04F79EFBC}") = "Pretvori", "Pretvori\Pretvori.csproj", "{37CE1CDE-D6D0-4224-92CE-D7318C0BD82D}"
EndProject
Project("{FAE04EC0-301F-11D3-BF4B-00C04F79EFBC}") = "Kvader", "Kvader\Kvader.csproj", "{9938A18F-F010-47CF-8620-3B7720B52CA0}"
EndProject
Project("{FAE04EC0-301F-11D3-BF4B-00C04F79EFBC}") = "Casovnik", "Casovnik\Casovnik.csproj", "{3B14F272-4272-466C-BB5B-B39D8003CBEF}"
EndProject
Project("{FAE04EC0-301F-11D3-BF4B-00C04F79EFBC}") = "PalindromSt", "PalindromSt\PalindromSt.csproj", "{2F453451-0F58-4332-A3D2-CA0BF67F8EB7}"
EndProject
Project("{FAE04EC0-301F-11D3-BF4B-00C04F79EFBC}") = "PalindromStTests", "PalindromStTests\PalindromStTests.csproj", "{8EA758B9-29DA-48AF-9100-F18BB870FC32}"
EndProject
Project("{FAE04EC0-301F-11D3-BF4B-00C04F79EFBC}") = "MnozenjeVDat", "MnozenjeVDat\MnozenjeVDat.csproj", "{F0CBA458-AD33-4F67-BA7F-DAA0BE2D7AEA}"
EndProject
Project("{FAE04EC0-301F-11D3-BF4B-00C04F79EFBC}") = "KrizciKrozci", "KrizciKrozci\KrizciKrozci.csproj", "{225BC0E1-A03E-4900-B211-31FB98794A5C}"
EndProject
Project("{FAE04EC0-301F-11D3-BF4B-00C04F79EFBC}") = "Masa", "Masa\Masa.csproj", "{9E1C5621-9E8F-4C4F-96A8-46EBF692F3C8}"
EndProject
Project("{FAE04EC0-301F-11D3-BF4B-00C04F79EFBC}") = "GeomLiki1", "GeomLiki1\GeomLiki1.csproj", "{3DE949FE-B038-4CAE-A513-BE423C2F203D}"
EndProject
Project("{FAE04EC0-301F-11D3-BF4B-00C04F79EFBC}") = "Ponovno", "Ponovno\Ponovno.csproj", "{C0F78E24-CA2A-4A7B-B4EB-297D44D900D3}"
EndProject
Project("{FAE04EC0-301F-11D3-BF4B-00C04F79EFBC}") = "Temperatura", "Temperatura\Temperatura.csproj", "{AA1A423F-87FB-49E1-9C32-4F9B53D08823}"
EndProject
Project("{FAE04EC0-301F-11D3-BF4B-00C04F79EFBC}") = "NobelovciFilme", "NobelovciFilme\NobelovciFilme.csproj", "{5B28EF87-C0D6-4CBB-BDC6-90E82B2DC915}"
EndProject
Project("{FAE04EC0-301F-11D3-BF4B-00C04F79EFBC}") = "malo_ustvarajnej_gumbov", "malo_ustvarajnej_gumbov\malo_ustvarajnej_gumbov.csproj", "{E66CC892-00C7-4FD1-9D6C-EBE242BB70DD}"
EndProject
Global
	GlobalSection(SolutionConfigurationPlatforms) = preSolution
		Debug|Any CPU = Debug|Any CPU
		Release|Any CPU = Release|Any CPU
	EndGlobalSection
	GlobalSection(ProjectConfigurationPlatforms) = postSolution
		{A530AB8F-7DC9-4615-9006-236DF5430F1C}.Debug|Any CPU.ActiveCfg = Debug|Any CPU
		{A530AB8F-7DC9-4615-9006-236DF5430F1C}.Debug|Any CPU.Build.0 = Debug|Any CPU
		{A530AB8F-7DC9-4615-9006-236DF5430F1C}.Release|Any CPU.ActiveCfg = Release|Any CPU
		{A530AB8F-7DC9-4615-9006-236DF5430F1C}.Release|Any CPU.Build.0 = Release|Any CPU
		{6E62E742-E980-44CD-9A7E-3897D075916D}.Debug|Any CPU.ActiveCfg = Debug|Any CPU
		{6E62E742-E980-44CD-9A7E-3897D075916D}.Debug|Any CPU.Build.0 = Debug|Any CPU
		{6E62E742-E980-44CD-9A7E-3897D075916D}.Release|Any CPU.ActiveCfg = Release|Any CPU
		{6E62E742-E980-44CD-9A7E-3897D075916D}.Release|Any CPU.Build.0 = Release|Any CPU
		{4D804F9C-AAC5-4A20-8F00-BE0E00179A4B}.Debug|Any CPU.ActiveCfg = Debug|Any CPU
		{4D804F9C-AAC5-4A20-8F00-BE0E00179A4B}.Debug|Any CPU.Build.0 = Debug|Any CPU
		{4D804F9C-AAC5-4A20-8F00-BE0E00179A4B}.Release|Any CPU.ActiveCfg = Release|Any CPU
		{4D804F9C-AAC5-4A20-8F00-BE0E00179A4B}.Release|Any CPU.Build.0 = Release|Any CPU
		{6C5FAFE3-93A6-4E4E-B000-8F79924553F9}.Debug|Any CPU.ActiveCfg = Debug|Any CPU
		{6C5FAFE3-93A6-4E4E-B000-8F79924553F9}.Debug|Any CPU.Build.0 = Debug|Any CPU
		{6C5FAFE3-93A6-4E4E-B000-8F79924553F9}.Release|Any CPU.ActiveCfg = Release|Any CPU
		{6C5FAFE3-93A6-4E4E-B000-8F79924553F9}.Release|Any CPU.Build.0 = Release|Any CPU
		{4FA47A44-1133-4D04-9C7A-3EFA43617F8F}.Debug|Any CPU.ActiveCfg = Debug|Any CPU
		{4FA47A44-1133-4D04-9C7A-3EFA43617F8F}.Debug|Any CPU.Build.0 = Debug|Any CPU
		{4FA47A44-1133-4D04-9C7A-3EFA43617F8F}.Release|Any CPU.ActiveCfg = Release|Any CPU
		{4FA47A44-1133-4D04-9C7A-3EFA43617F8F}.Release|Any CPU.Build.0 = Release|Any CPU
		{56745EEB-C5BF-48BB-88D1-400E7678A32D}.Debug|Any CPU.ActiveCfg = Debug|Any CPU
		{56745EEB-C5BF-48BB-88D1-400E7678A32D}.Debug|Any CPU.Build.0 = Debug|Any CPU
		{56745EEB-C5BF-48BB-88D1-400E7678A32D}.Release|Any CPU.ActiveCfg = Release|Any CPU
		{56745EEB-C5BF-48BB-88D1-400E7678A32D}.Release|Any CPU.Build.0 = Release|Any CPU
		{0960F5A9-7DE2-4DAB-8A81-E5E11E2332E8}.Debug|Any CPU.ActiveCfg = Debug|Any CPU
		{0960F5A9-7DE2-4DAB-8A81-E5E11E2332E8}.Debug|Any CPU.Build.0 = Debug|Any CPU
		{0960F5A9-7DE2-4DAB-8A81-E5E11E2332E8}.Release|Any CPU.ActiveCfg = Release|Any CPU
		{0960F5A9-7DE2-4DAB-8A81-E5E11E2332E8}.Release|Any CPU.Build.0 = Release|Any CPU
		{32BFCE93-4F50-4656-935D-B88D97F2EC6E}.Debug|Any CPU.ActiveCfg = Debug|Any CPU
		{32BFCE93-4F50-4656-935D-B88D97F2EC6E}.Debug|Any CPU.Build.0 = Debug|Any CPU
		{32BFCE93-4F50-4656-935D-B88D97F2EC6E}.Release|Any CPU.ActiveCfg = Release|Any CPU
		{32BFCE93-4F50-4656-935D-B88D97F2EC6E}.Release|Any CPU.Build.0 = Release|Any CPU
		{4E28AB53-AC5A-440E-9D81-917AA829DA6D}.Debug|Any CPU.ActiveCfg = Debug|Any CPU
		{4E28AB53-AC5A-440E-9D81-917AA829DA6D}.Debug|Any CPU.Build.0 = Debug|Any CPU
		{4E28AB53-AC5A-440E-9D81-917AA829DA6D}.Release|Any CPU.ActiveCfg = Release|Any CPU
		{4E28AB53-AC5A-440E-9D81-917AA829DA6D}.Release|Any CPU.Build.0 = Release|Any CPU
		{C61106C2-1E42-4B42-B61B-1A505BD91C9F}.Debug|Any CPU.ActiveCfg = Debug|Any CPU
		{C61106C2-1E42-4B42-B61B-1A505BD91C9F}.Debug|Any CPU.Build.0 = Debug|Any CPU
		{C61106C2-1E42-4B42-B61B-1A505BD91C9F}.Release|Any CPU.ActiveCfg = Release|Any CPU
		{C61106C2-1E42-4B42-B61B-1A505BD91C9F}.Release|Any CPU.Build.0 = Release|Any CPU
		{D8A87B6A-44C3-47EC-AC7E-59498971D71E}.Debug|Any CPU.ActiveCfg = Debug|Any CPU
		{D8A87B6A-44C3-47EC-AC7E-59498971D71E}.Debug|Any CPU.Build.0 = Debug|Any CPU
		{D8A87B6A-44C3-47EC-AC7E-59498971D71E}.Release|Any CPU.ActiveCfg = Release|Any CPU
		{D8A87B6A-44C3-47EC-AC7E-59498971D71E}.Release|Any CPU.Build.0 = Release|Any CPU
		{E3BEFAAD-0A81-45F4-A9E6-ADECF19F8879}.Debug|Any CPU.ActiveCfg = Debug|Any CPU
		{E3BEFAAD-0A81-45F4-A9E6-ADECF19F8879}.Debug|Any CPU.Build.0 = Debug|Any CPU
		{E3BEFAAD-0A81-45F4-A9E6-ADECF19F8879}.Release|Any CPU.ActiveCfg = Release|Any CPU
		{E3BEFAAD-0A81-45F4-A9E6-ADECF19F8879}.Release|Any CPU.Build.0 = Release|Any CPU
		{294DDAFF-E28B-4E73-8DE7-B49425A06B7C}.Debug|Any CPU.ActiveCfg = Debug|Any CPU
		{294DDAFF-E28B-4E73-8DE7-B49425A06B7C}.Debug|Any CPU.Build.0 = Debug|Any CPU
		{294DDAFF-E28B-4E73-8DE7-B49425A06B7C}.Release|Any CPU.ActiveCfg = Release|Any CPU
		{294DDAFF-E28B-4E73-8DE7-B49425A06B7C}.Release|Any CPU.Build.0 = Release|Any CPU
		{11C2B716-1131-4C53-AB8E-B3D7A639ECAD}.Debug|Any CPU.ActiveCfg = Debug|Any CPU
		{11C2B716-1131-4C53-AB8E-B3D7A639ECAD}.Debug|Any CPU.Build.0 = Debug|Any CPU
		{11C2B716-1131-4C53-AB8E-B3D7A639ECAD}.Release|Any CPU.ActiveCfg = Release|Any CPU
		{11C2B716-1131-4C53-AB8E-B3D7A639ECAD}.Release|Any CPU.Build.0 = Release|Any CPU
		{77DB6D6B-1426-4767-B5F0-6A39AF485D9B}.Debug|Any CPU.ActiveCfg = Debug|Any CPU
		{77DB6D6B-1426-4767-B5F0-6A39AF485D9B}.Debug|Any CPU.Build.0 = Debug|Any CPU
		{77DB6D6B-1426-4767-B5F0-6A39AF485D9B}.Release|Any CPU.ActiveCfg = Release|Any CPU
		{77DB6D6B-1426-4767-B5F0-6A39AF485D9B}.Release|Any CPU.Build.0 = Release|Any CPU
		{B5818030-2656-4FCB-88FF-751C620927E2}.Debug|Any CPU.ActiveCfg = Debug|Any CPU
		{B5818030-2656-4FCB-88FF-751C620927E2}.Debug|Any CPU.Build.0 = Debug|Any CPU
		{B5818030-2656-4FCB-88FF-751C620927E2}.Release|Any CPU.ActiveCfg = Release|Any CPU
		{B5818030-2656-4FCB-88FF-751C620927E2}.Release|Any CPU.Build.0 = Release|Any CPU
		{1AA944EF-4410-477B-8966-F213C3B616F8}.Debug|Any CPU.ActiveCfg = Debug|Any CPU
		{1AA944EF-4410-477B-8966-F213C3B616F8}.Debug|Any CPU.Build.0 = Debug|Any CPU
		{1AA944EF-4410-477B-8966-F213C3B616F8}.Release|Any CPU.ActiveCfg = Release|Any CPU
		{1AA944EF-4410-477B-8966-F213C3B616F8}.Release|Any CPU.Build.0 = Release|Any CPU
		{F0A27894-D533-4AF5-887E-CF8F6261B7A1}.Debug|Any CPU.ActiveCfg = Debug|Any CPU
		{F0A27894-D533-4AF5-887E-CF8F6261B7A1}.Debug|Any CPU.Build.0 = Debug|Any CPU
		{F0A27894-D533-4AF5-887E-CF8F6261B7A1}.Release|Any CPU.ActiveCfg = Release|Any CPU
		{F0A27894-D533-4AF5-887E-CF8F6261B7A1}.Release|Any CPU.Build.0 = Release|Any CPU
		{49729580-FEE5-47D4-901D-2E4B170B5DA1}.Debug|Any CPU.ActiveCfg = Debug|Any CPU
		{49729580-FEE5-47D4-901D-2E4B170B5DA1}.Debug|Any CPU.Build.0 = Debug|Any CPU
		{49729580-FEE5-47D4-901D-2E4B170B5DA1}.Release|Any CPU.ActiveCfg = Release|Any CPU
		{49729580-FEE5-47D4-901D-2E4B170B5DA1}.Release|Any CPU.Build.0 = Release|Any CPU
		{31EEB289-86E4-43C8-837F-62EF5D727591}.Debug|Any CPU.ActiveCfg = Debug|Any CPU
		{31EEB289-86E4-43C8-837F-62EF5D727591}.Debug|Any CPU.Build.0 = Debug|Any CPU
		{31EEB289-86E4-43C8-837F-62EF5D727591}.Release|Any CPU.ActiveCfg = Release|Any CPU
		{31EEB289-86E4-43C8-837F-62EF5D727591}.Release|Any CPU.Build.0 = Release|Any CPU
		{4777EB38-FBE6-4B07-BA00-0A7296B3F569}.Debug|Any CPU.ActiveCfg = Debug|Any CPU
		{4777EB38-FBE6-4B07-BA00-0A7296B3F569}.Debug|Any CPU.Build.0 = Debug|Any CPU
		{4777EB38-FBE6-4B07-BA00-0A7296B3F569}.Release|Any CPU.ActiveCfg = Release|Any CPU
		{4777EB38-FBE6-4B07-BA00-0A7296B3F569}.Release|Any CPU.Build.0 = Release|Any CPU
		{C84D42FB-BFC7-47FE-9D4D-047A37C04E00}.Debug|Any CPU.ActiveCfg = Debug|Any CPU
		{C84D42FB-BFC7-47FE-9D4D-047A37C04E00}.Debug|Any CPU.Build.0 = Debug|Any CPU
		{C84D42FB-BFC7-47FE-9D4D-047A37C04E00}.Release|Any CPU.ActiveCfg = Release|Any CPU
		{C84D42FB-BFC7-47FE-9D4D-047A37C04E00}.Release|Any CPU.Build.0 = Release|Any CPU
		{4086257C-1768-4B2F-9982-D2C9541D0A31}.Debug|Any CPU.ActiveCfg = Debug|Any CPU
		{4086257C-1768-4B2F-9982-D2C9541D0A31}.Debug|Any CPU.Build.0 = Debug|Any CPU
		{4086257C-1768-4B2F-9982-D2C9541D0A31}.Release|Any CPU.ActiveCfg = Release|Any CPU
		{4086257C-1768-4B2F-9982-D2C9541D0A31}.Release|Any CPU.Build.0 = Release|Any CPU
		{FB50C025-0D13-4B5B-BBC1-09A3EA3AF2DF}.Debug|Any CPU.ActiveCfg = Debug|Any CPU
		{FB50C025-0D13-4B5B-BBC1-09A3EA3AF2DF}.Debug|Any CPU.Build.0 = Debug|Any CPU
		{FB50C025-0D13-4B5B-BBC1-09A3EA3AF2DF}.Release|Any CPU.ActiveCfg = Release|Any CPU
		{FB50C025-0D13-4B5B-BBC1-09A3EA3AF2DF}.Release|Any CPU.Build.0 = Release|Any CPU
		{1A514149-BB31-4EBF-A1BE-6722EAE800B1}.Debug|Any CPU.ActiveCfg = Debug|Any CPU
		{1A514149-BB31-4EBF-A1BE-6722EAE800B1}.Debug|Any CPU.Build.0 = Debug|Any CPU
		{1A514149-BB31-4EBF-A1BE-6722EAE800B1}.Release|Any CPU.ActiveCfg = Release|Any CPU
		{1A514149-BB31-4EBF-A1BE-6722EAE800B1}.Release|Any CPU.Build.0 = Release|Any CPU
		{0F430ECB-0FE0-41AB-BA09-8C42C3954670}.Debug|Any CPU.ActiveCfg = Debug|Any CPU
		{0F430ECB-0FE0-41AB-BA09-8C42C3954670}.Debug|Any CPU.Build.0 = Debug|Any CPU
		{0F430ECB-0FE0-41AB-BA09-8C42C3954670}.Release|Any CPU.ActiveCfg = Release|Any CPU
		{0F430ECB-0FE0-41AB-BA09-8C42C3954670}.Release|Any CPU.Build.0 = Release|Any CPU
		{FE57E2F0-DDEA-41BC-8C71-0E29C131083A}.Debug|Any CPU.ActiveCfg = Debug|Any CPU
		{FE57E2F0-DDEA-41BC-8C71-0E29C131083A}.Debug|Any CPU.Build.0 = Debug|Any CPU
		{FE57E2F0-DDEA-41BC-8C71-0E29C131083A}.Release|Any CPU.ActiveCfg = Release|Any CPU
		{FE57E2F0-DDEA-41BC-8C71-0E29C131083A}.Release|Any CPU.Build.0 = Release|Any CPU
		{294E8F63-3BAA-4338-B673-FF2BF342AC2B}.Debug|Any CPU.ActiveCfg = Debug|Any CPU
		{294E8F63-3BAA-4338-B673-FF2BF342AC2B}.Debug|Any CPU.Build.0 = Debug|Any CPU
		{294E8F63-3BAA-4338-B673-FF2BF342AC2B}.Release|Any CPU.ActiveCfg = Release|Any CPU
		{294E8F63-3BAA-4338-B673-FF2BF342AC2B}.Release|Any CPU.Build.0 = Release|Any CPU
		{928C32EF-52C7-4E51-8194-B148C1D0392F}.Debug|Any CPU.ActiveCfg = Debug|Any CPU
		{928C32EF-52C7-4E51-8194-B148C1D0392F}.Debug|Any CPU.Build.0 = Debug|Any CPU
		{928C32EF-52C7-4E51-8194-B148C1D0392F}.Release|Any CPU.ActiveCfg = Release|Any CPU
		{928C32EF-52C7-4E51-8194-B148C1D0392F}.Release|Any CPU.Build.0 = Release|Any CPU
		{DD7E6CD7-006A-4C7D-AFBD-7E86B83AD37F}.Debug|Any CPU.ActiveCfg = Debug|Any CPU
		{DD7E6CD7-006A-4C7D-AFBD-7E86B83AD37F}.Debug|Any CPU.Build.0 = Debug|Any CPU
		{DD7E6CD7-006A-4C7D-AFBD-7E86B83AD37F}.Release|Any CPU.ActiveCfg = Release|Any CPU
		{DD7E6CD7-006A-4C7D-AFBD-7E86B83AD37F}.Release|Any CPU.Build.0 = Release|Any CPU
		{76B73E2F-E202-48BF-89C1-1EBEAAC21A10}.Debug|Any CPU.ActiveCfg = Debug|Any CPU
		{76B73E2F-E202-48BF-89C1-1EBEAAC21A10}.Debug|Any CPU.Build.0 = Debug|Any CPU
		{76B73E2F-E202-48BF-89C1-1EBEAAC21A10}.Release|Any CPU.ActiveCfg = Release|Any CPU
		{76B73E2F-E202-48BF-89C1-1EBEAAC21A10}.Release|Any CPU.Build.0 = Release|Any CPU
		{BB9864AE-A594-4DF6-9C12-3200E99D50ED}.Debug|Any CPU.ActiveCfg = Debug|Any CPU
		{BB9864AE-A594-4DF6-9C12-3200E99D50ED}.Debug|Any CPU.Build.0 = Debug|Any CPU
		{BB9864AE-A594-4DF6-9C12-3200E99D50ED}.Release|Any CPU.ActiveCfg = Release|Any CPU
		{BB9864AE-A594-4DF6-9C12-3200E99D50ED}.Release|Any CPU.Build.0 = Release|Any CPU
		{BC229A79-8CE0-4B97-AC75-C73142C48DAE}.Debug|Any CPU.ActiveCfg = Debug|Any CPU
		{BC229A79-8CE0-4B97-AC75-C73142C48DAE}.Debug|Any CPU.Build.0 = Debug|Any CPU
		{BC229A79-8CE0-4B97-AC75-C73142C48DAE}.Release|Any CPU.ActiveCfg = Release|Any CPU
		{BC229A79-8CE0-4B97-AC75-C73142C48DAE}.Release|Any CPU.Build.0 = Release|Any CPU
		{8770CD07-0F06-4DDF-A61C-3CCFFFD3C27B}.Debug|Any CPU.ActiveCfg = Debug|Any CPU
		{8770CD07-0F06-4DDF-A61C-3CCFFFD3C27B}.Debug|Any CPU.Build.0 = Debug|Any CPU
		{8770CD07-0F06-4DDF-A61C-3CCFFFD3C27B}.Release|Any CPU.ActiveCfg = Release|Any CPU
		{8770CD07-0F06-4DDF-A61C-3CCFFFD3C27B}.Release|Any CPU.Build.0 = Release|Any CPU
		{9E4BE356-D64A-4C4E-9654-0D0F94BE8194}.Debug|Any CPU.ActiveCfg = Debug|Any CPU
		{9E4BE356-D64A-4C4E-9654-0D0F94BE8194}.Debug|Any CPU.Build.0 = Debug|Any CPU
		{9E4BE356-D64A-4C4E-9654-0D0F94BE8194}.Release|Any CPU.ActiveCfg = Release|Any CPU
		{9E4BE356-D64A-4C4E-9654-0D0F94BE8194}.Release|Any CPU.Build.0 = Release|Any CPU
		{1773DFE8-5F29-4940-B37C-7469D35A9CB2}.Debug|Any CPU.ActiveCfg = Debug|Any CPU
		{1773DFE8-5F29-4940-B37C-7469D35A9CB2}.Debug|Any CPU.Build.0 = Debug|Any CPU
		{1773DFE8-5F29-4940-B37C-7469D35A9CB2}.Release|Any CPU.ActiveCfg = Release|Any CPU
		{1773DFE8-5F29-4940-B37C-7469D35A9CB2}.Release|Any CPU.Build.0 = Release|Any CPU
		{F39BE3C6-3713-4507-A542-91366A6DB9F8}.Debug|Any CPU.ActiveCfg = Debug|Any CPU
		{F39BE3C6-3713-4507-A542-91366A6DB9F8}.Debug|Any CPU.Build.0 = Debug|Any CPU
		{F39BE3C6-3713-4507-A542-91366A6DB9F8}.Release|Any CPU.ActiveCfg = Release|Any CPU
		{F39BE3C6-3713-4507-A542-91366A6DB9F8}.Release|Any CPU.Build.0 = Release|Any CPU
		{26B79905-651C-464B-8959-02A6EDEA3E9F}.Debug|Any CPU.ActiveCfg = Debug|Any CPU
		{26B79905-651C-464B-8959-02A6EDEA3E9F}.Debug|Any CPU.Build.0 = Debug|Any CPU
		{26B79905-651C-464B-8959-02A6EDEA3E9F}.Release|Any CPU.ActiveCfg = Release|Any CPU
		{26B79905-651C-464B-8959-02A6EDEA3E9F}.Release|Any CPU.Build.0 = Release|Any CPU
		{37CE1CDE-D6D0-4224-92CE-D7318C0BD82D}.Debug|Any CPU.ActiveCfg = Debug|Any CPU
		{37CE1CDE-D6D0-4224-92CE-D7318C0BD82D}.Debug|Any CPU.Build.0 = Debug|Any CPU
		{37CE1CDE-D6D0-4224-92CE-D7318C0BD82D}.Release|Any CPU.ActiveCfg = Release|Any CPU
		{37CE1CDE-D6D0-4224-92CE-D7318C0BD82D}.Release|Any CPU.Build.0 = Release|Any CPU
		{9938A18F-F010-47CF-8620-3B7720B52CA0}.Debug|Any CPU.ActiveCfg = Debug|Any CPU
		{9938A18F-F010-47CF-8620-3B7720B52CA0}.Debug|Any CPU.Build.0 = Debug|Any CPU
		{9938A18F-F010-47CF-8620-3B7720B52CA0}.Release|Any CPU.ActiveCfg = Release|Any CPU
		{9938A18F-F010-47CF-8620-3B7720B52CA0}.Release|Any CPU.Build.0 = Release|Any CPU
		{3B14F272-4272-466C-BB5B-B39D8003CBEF}.Debug|Any CPU.ActiveCfg = Debug|Any CPU
		{3B14F272-4272-466C-BB5B-B39D8003CBEF}.Debug|Any CPU.Build.0 = Debug|Any CPU
		{3B14F272-4272-466C-BB5B-B39D8003CBEF}.Release|Any CPU.ActiveCfg = Release|Any CPU
		{3B14F272-4272-466C-BB5B-B39D8003CBEF}.Release|Any CPU.Build.0 = Release|Any CPU
		{2F453451-0F58-4332-A3D2-CA0BF67F8EB7}.Debug|Any CPU.ActiveCfg = Debug|Any CPU
		{2F453451-0F58-4332-A3D2-CA0BF67F8EB7}.Debug|Any CPU.Build.0 = Debug|Any CPU
		{2F453451-0F58-4332-A3D2-CA0BF67F8EB7}.Release|Any CPU.ActiveCfg = Release|Any CPU
		{2F453451-0F58-4332-A3D2-CA0BF67F8EB7}.Release|Any CPU.Build.0 = Release|Any CPU
		{8EA758B9-29DA-48AF-9100-F18BB870FC32}.Debug|Any CPU.ActiveCfg = Debug|Any CPU
		{8EA758B9-29DA-48AF-9100-F18BB870FC32}.Debug|Any CPU.Build.0 = Debug|Any CPU
		{8EA758B9-29DA-48AF-9100-F18BB870FC32}.Release|Any CPU.ActiveCfg = Release|Any CPU
		{8EA758B9-29DA-48AF-9100-F18BB870FC32}.Release|Any CPU.Build.0 = Release|Any CPU
		{F0CBA458-AD33-4F67-BA7F-DAA0BE2D7AEA}.Debug|Any CPU.ActiveCfg = Debug|Any CPU
		{F0CBA458-AD33-4F67-BA7F-DAA0BE2D7AEA}.Debug|Any CPU.Build.0 = Debug|Any CPU
		{F0CBA458-AD33-4F67-BA7F-DAA0BE2D7AEA}.Release|Any CPU.ActiveCfg = Release|Any CPU
		{F0CBA458-AD33-4F67-BA7F-DAA0BE2D7AEA}.Release|Any CPU.Build.0 = Release|Any CPU
		{225BC0E1-A03E-4900-B211-31FB98794A5C}.Debug|Any CPU.ActiveCfg = Debug|Any CPU
		{225BC0E1-A03E-4900-B211-31FB98794A5C}.Debug|Any CPU.Build.0 = Debug|Any CPU
		{225BC0E1-A03E-4900-B211-31FB98794A5C}.Release|Any CPU.ActiveCfg = Release|Any CPU
		{225BC0E1-A03E-4900-B211-31FB98794A5C}.Release|Any CPU.Build.0 = Release|Any CPU
		{9E1C5621-9E8F-4C4F-96A8-46EBF692F3C8}.Debug|Any CPU.ActiveCfg = Debug|Any CPU
		{9E1C5621-9E8F-4C4F-96A8-46EBF692F3C8}.Debug|Any CPU.Build.0 = Debug|Any CPU
		{9E1C5621-9E8F-4C4F-96A8-46EBF692F3C8}.Release|Any CPU.ActiveCfg = Release|Any CPU
		{9E1C5621-9E8F-4C4F-96A8-46EBF692F3C8}.Release|Any CPU.Build.0 = Release|Any CPU
		{3DE949FE-B038-4CAE-A513-BE423C2F203D}.Debug|Any CPU.ActiveCfg = Debug|Any CPU
		{3DE949FE-B038-4CAE-A513-BE423C2F203D}.Debug|Any CPU.Build.0 = Debug|Any CPU
		{3DE949FE-B038-4CAE-A513-BE423C2F203D}.Release|Any CPU.ActiveCfg = Release|Any CPU
		{3DE949FE-B038-4CAE-A513-BE423C2F203D}.Release|Any CPU.Build.0 = Release|Any CPU
		{C0F78E24-CA2A-4A7B-B4EB-297D44D900D3}.Debug|Any CPU.ActiveCfg = Debug|Any CPU
		{C0F78E24-CA2A-4A7B-B4EB-297D44D900D3}.Debug|Any CPU.Build.0 = Debug|Any CPU
		{C0F78E24-CA2A-4A7B-B4EB-297D44D900D3}.Release|Any CPU.ActiveCfg = Release|Any CPU
		{C0F78E24-CA2A-4A7B-B4EB-297D44D900D3}.Release|Any CPU.Build.0 = Release|Any CPU
		{AA1A423F-87FB-49E1-9C32-4F9B53D08823}.Debug|Any CPU.ActiveCfg = Debug|Any CPU
		{AA1A423F-87FB-49E1-9C32-4F9B53D08823}.Debug|Any CPU.Build.0 = Debug|Any CPU
		{AA1A423F-87FB-49E1-9C32-4F9B53D08823}.Release|Any CPU.ActiveCfg = Release|Any CPU
		{AA1A423F-87FB-49E1-9C32-4F9B53D08823}.Release|Any CPU.Build.0 = Release|Any CPU
		{5B28EF87-C0D6-4CBB-BDC6-90E82B2DC915}.Debug|Any CPU.ActiveCfg = Debug|Any CPU
		{5B28EF87-C0D6-4CBB-BDC6-90E82B2DC915}.Debug|Any CPU.Build.0 = Debug|Any CPU
		{5B28EF87-C0D6-4CBB-BDC6-90E82B2DC915}.Release|Any CPU.ActiveCfg = Release|Any CPU
		{5B28EF87-C0D6-4CBB-BDC6-90E82B2DC915}.Release|Any CPU.Build.0 = Release|Any CPU
		{E66CC892-00C7-4FD1-9D6C-EBE242BB70DD}.Debug|Any CPU.ActiveCfg = Debug|Any CPU
		{E66CC892-00C7-4FD1-9D6C-EBE242BB70DD}.Debug|Any CPU.Build.0 = Debug|Any CPU
		{E66CC892-00C7-4FD1-9D6C-EBE242BB70DD}.Release|Any CPU.ActiveCfg = Release|Any CPU
		{E66CC892-00C7-4FD1-9D6C-EBE242BB70DD}.Release|Any CPU.Build.0 = Release|Any CPU
	EndGlobalSection
	GlobalSection(SolutionProperties) = preSolution
		HideSolutionNode = FALSE
	EndGlobalSection
	GlobalSection(ExtensibilityGlobals) = postSolution
		SolutionGuid = {2805DBA1-A511-4E02-9FAA-9020E13D7059}
	EndGlobalSection
EndGlobal
