
Microsoft Visual Studio Solution File, Format Version 12.00
# Visual Studio Version 17
VisualStudioVersion = 17.9.34607.119
MinimumVisualStudioVersion = 10.0.40219.1
Project("{FAE04EC0-301F-11D3-BF4B-00C04F79EFBC}") = "AU_boli", "AU_boli\AU_boli.csproj", "{120206B7-669C-4C85-8E42-A249C9F0A2DF}"
EndProject
Global
	GlobalSection(SolutionConfigurationPlatforms) = preSolution
		Debug|Any CPU = Debug|Any CPU
		Release|Any CPU = Release|Any CPU
	EndGlobalSection
	GlobalSection(ProjectConfigurationPlatforms) = postSolution
		{120206B7-669C-4C85-8E42-A249C9F0A2DF}.Debug|Any CPU.ActiveCfg = Debug|Any CPU
		{120206B7-669C-4C85-8E42-A249C9F0A2DF}.Debug|Any CPU.Build.0 = Debug|Any CPU
		{120206B7-669C-4C85-8E42-A249C9F0A2DF}.Release|Any CPU.ActiveCfg = Release|Any CPU
		{120206B7-669C-4C85-8E42-A249C9F0A2DF}.Release|Any CPU.Build.0 = Release|Any CPU
	EndGlobalSection
	GlobalSection(SolutionProperties) = preSolution
		HideSolutionNode = FALSE
	EndGlobalSection
	GlobalSection(ExtensibilityGlobals) = postSolution
		SolutionGuid = {B557C6B6-E198-4FBA-A153-5207DB8EAF8B}
	EndGlobalSection
EndGlobal
