
Microsoft Visual Studio Solution File, Format Version 12.00
# Visual Studio Version 17
VisualStudioVersion = 17.9.34607.119
MinimumVisualStudioVersion = 10.0.40219.1
Project("{FAE04EC0-301F-11D3-BF4B-00C04F79EFBC}") = "StevecKlikov", "StevecKlikov\StevecKlikov.csproj", "{7EFACB77-F7DB-45A2-8E51-5E71276A10ED}"
EndProject
Project("{FAE04EC0-301F-11D3-BF4B-00C04F79EFBC}") = "LeviInDesni", "LeviInDesni\LeviInDesni.csproj", "{1CB3DAC8-1DFB-4447-8942-523880A353DC}"
EndProject
Project("{FAE04EC0-301F-11D3-BF4B-00C04F79EFBC}") = "Semafor", "Semafor\Semafor.csproj", "{ED113518-9DAC-43A2-8452-869D02FA7F93}"
EndProject
Project("{FAE04EC0-301F-11D3-BF4B-00C04F79EFBC}") = "VozecaPloscad", "VozecaPloscad\VozecaPloscad.csproj", "{F6AA1C00-D6C5-47B7-9953-C24C7961FEC6}"
EndProject
Project("{FAE04EC0-301F-11D3-BF4B-00C04F79EFBC}") = "pretvornik", "pretvornik\pretvornik.csproj", "{BEECBBB2-AFEA-4874-86C7-8273127DE8BD}"
EndProject
Project("{FAE04EC0-301F-11D3-BF4B-00C04F79EFBC}") = "WindowsFormsApp1", "WindowsFormsApp1\WindowsFormsApp1.csproj", "{70A1E9B0-744A-44C6-9148-5F8740D64FA1}"
EndProject
Project("{FAE04EC0-301F-11D3-BF4B-00C04F79EFBC}") = "semaforPlusPlus", "semaforPlusPlus\semaforPlusPlus.csproj", "{72F744AC-5951-43C8-AE56-F2B5FF4153E3}"
EndProject
Project("{FAE04EC0-301F-11D3-BF4B-00C04F79EFBC}") = "ploscadPlus", "ploscadPlus\ploscadPlus.csproj", "{9F246D0A-A910-4362-9E2B-161B57232A9B}"
EndProject
Project("{FAE04EC0-301F-11D3-BF4B-00C04F79EFBC}") = "RefleksiFormule", "RefleksiFormule\RefleksiFormule.csproj", "{4C01C8C6-9C86-45D7-8D8D-3E93DFCFF58A}"
EndProject
Project("{FAE04EC0-301F-11D3-BF4B-00C04F79EFBC}") = "Nemogoce", "Nemogoce\Nemogoce.csproj", "{51C636E5-9EEB-4DF8-A958-57D50650DB19}"
EndProject
Global
	GlobalSection(SolutionConfigurationPlatforms) = preSolution
		Debug|Any CPU = Debug|Any CPU
		Release|Any CPU = Release|Any CPU
	EndGlobalSection
	GlobalSection(ProjectConfigurationPlatforms) = postSolution
		{7EFACB77-F7DB-45A2-8E51-5E71276A10ED}.Debug|Any CPU.ActiveCfg = Debug|Any CPU
		{7EFACB77-F7DB-45A2-8E51-5E71276A10ED}.Debug|Any CPU.Build.0 = Debug|Any CPU
		{7EFACB77-F7DB-45A2-8E51-5E71276A10ED}.Release|Any CPU.ActiveCfg = Release|Any CPU
		{7EFACB77-F7DB-45A2-8E51-5E71276A10ED}.Release|Any CPU.Build.0 = Release|Any CPU
		{1CB3DAC8-1DFB-4447-8942-523880A353DC}.Debug|Any CPU.ActiveCfg = Debug|Any CPU
		{1CB3DAC8-1DFB-4447-8942-523880A353DC}.Debug|Any CPU.Build.0 = Debug|Any CPU
		{1CB3DAC8-1DFB-4447-8942-523880A353DC}.Release|Any CPU.ActiveCfg = Release|Any CPU
		{1CB3DAC8-1DFB-4447-8942-523880A353DC}.Release|Any CPU.Build.0 = Release|Any CPU
		{ED113518-9DAC-43A2-8452-869D02FA7F93}.Debug|Any CPU.ActiveCfg = Debug|Any CPU
		{ED113518-9DAC-43A2-8452-869D02FA7F93}.Debug|Any CPU.Build.0 = Debug|Any CPU
		{ED113518-9DAC-43A2-8452-869D02FA7F93}.Release|Any CPU.ActiveCfg = Release|Any CPU
		{ED113518-9DAC-43A2-8452-869D02FA7F93}.Release|Any CPU.Build.0 = Release|Any CPU
		{F6AA1C00-D6C5-47B7-9953-C24C7961FEC6}.Debug|Any CPU.ActiveCfg = Debug|Any CPU
		{F6AA1C00-D6C5-47B7-9953-C24C7961FEC6}.Debug|Any CPU.Build.0 = Debug|Any CPU
		{F6AA1C00-D6C5-47B7-9953-C24C7961FEC6}.Release|Any CPU.ActiveCfg = Release|Any CPU
		{F6AA1C00-D6C5-47B7-9953-C24C7961FEC6}.Release|Any CPU.Build.0 = Release|Any CPU
		{BEECBBB2-AFEA-4874-86C7-8273127DE8BD}.Debug|Any CPU.ActiveCfg = Debug|Any CPU
		{BEECBBB2-AFEA-4874-86C7-8273127DE8BD}.Debug|Any CPU.Build.0 = Debug|Any CPU
		{BEECBBB2-AFEA-4874-86C7-8273127DE8BD}.Release|Any CPU.ActiveCfg = Release|Any CPU
		{BEECBBB2-AFEA-4874-86C7-8273127DE8BD}.Release|Any CPU.Build.0 = Release|Any CPU
		{70A1E9B0-744A-44C6-9148-5F8740D64FA1}.Debug|Any CPU.ActiveCfg = Debug|Any CPU
		{70A1E9B0-744A-44C6-9148-5F8740D64FA1}.Debug|Any CPU.Build.0 = Debug|Any CPU
		{70A1E9B0-744A-44C6-9148-5F8740D64FA1}.Release|Any CPU.ActiveCfg = Release|Any CPU
		{70A1E9B0-744A-44C6-9148-5F8740D64FA1}.Release|Any CPU.Build.0 = Release|Any CPU
		{72F744AC-5951-43C8-AE56-F2B5FF4153E3}.Debug|Any CPU.ActiveCfg = Debug|Any CPU
		{72F744AC-5951-43C8-AE56-F2B5FF4153E3}.Debug|Any CPU.Build.0 = Debug|Any CPU
		{72F744AC-5951-43C8-AE56-F2B5FF4153E3}.Release|Any CPU.ActiveCfg = Release|Any CPU
		{72F744AC-5951-43C8-AE56-F2B5FF4153E3}.Release|Any CPU.Build.0 = Release|Any CPU
		{9F246D0A-A910-4362-9E2B-161B57232A9B}.Debug|Any CPU.ActiveCfg = Debug|Any CPU
		{9F246D0A-A910-4362-9E2B-161B57232A9B}.Debug|Any CPU.Build.0 = Debug|Any CPU
		{9F246D0A-A910-4362-9E2B-161B57232A9B}.Release|Any CPU.ActiveCfg = Release|Any CPU
		{9F246D0A-A910-4362-9E2B-161B57232A9B}.Release|Any CPU.Build.0 = Release|Any CPU
		{4C01C8C6-9C86-45D7-8D8D-3E93DFCFF58A}.Debug|Any CPU.ActiveCfg = Debug|Any CPU
		{4C01C8C6-9C86-45D7-8D8D-3E93DFCFF58A}.Debug|Any CPU.Build.0 = Debug|Any CPU
		{4C01C8C6-9C86-45D7-8D8D-3E93DFCFF58A}.Release|Any CPU.ActiveCfg = Release|Any CPU
		{4C01C8C6-9C86-45D7-8D8D-3E93DFCFF58A}.Release|Any CPU.Build.0 = Release|Any CPU
		{51C636E5-9EEB-4DF8-A958-57D50650DB19}.Debug|Any CPU.ActiveCfg = Debug|Any CPU
		{51C636E5-9EEB-4DF8-A958-57D50650DB19}.Debug|Any CPU.Build.0 = Debug|Any CPU
		{51C636E5-9EEB-4DF8-A958-57D50650DB19}.Release|Any CPU.ActiveCfg = Release|Any CPU
		{51C636E5-9EEB-4DF8-A958-57D50650DB19}.Release|Any CPU.Build.0 = Release|Any CPU
	EndGlobalSection
	GlobalSection(SolutionProperties) = preSolution
		HideSolutionNode = FALSE
	EndGlobalSection
	GlobalSection(ExtensibilityGlobals) = postSolution
		SolutionGuid = {0CFD84D9-17E4-4086-AC67-0DA49D7136B4}
	EndGlobalSection
EndGlobal
