
Microsoft Visual Studio Solution File, Format Version 12.00
# Visual Studio Version 17
VisualStudioVersion = 17.9.34607.119
MinimumVisualStudioVersion = 10.0.40219.1
Project("{FAE04EC0-301F-11D3-BF4B-00C04F79EFBC}") = "KolikoNajvečjih", "KolikoNajvečjih\KolikoNajvečjih.csproj", "{5B1F2984-8D8E-4F93-B141-B919424857CD}"
EndProject
Project("{FAE04EC0-301F-11D3-BF4B-00C04F79EFBC}") = "MnozimoSe", "MnozimoSe\MnozimoSe.csproj", "{6CA861EE-A217-450D-ADBE-6C731085A877}"
EndProject
Project("{FAE04EC0-301F-11D3-BF4B-00C04F79EFBC}") = "KvadratnaEnacba", "KvadratnaEnacba\KvadratnaEnacba.csproj", "{B84D8432-0C59-487B-ABDA-723542F3FABE}"
EndProject
Project("{FAE04EC0-301F-11D3-BF4B-00C04F79EFBC}") = "PalindromskaStevila", "PalindromskaStevila\PalindromskaStevila.csproj", "{AA1DB785-6E56-4345-B562-735CC2C32774}"
EndProject
Global
	GlobalSection(SolutionConfigurationPlatforms) = preSolution
		Debug|Any CPU = Debug|Any CPU
		Release|Any CPU = Release|Any CPU
	EndGlobalSection
	GlobalSection(ProjectConfigurationPlatforms) = postSolution
		{5B1F2984-8D8E-4F93-B141-B919424857CD}.Debug|Any CPU.ActiveCfg = Debug|Any CPU
		{5B1F2984-8D8E-4F93-B141-B919424857CD}.Debug|Any CPU.Build.0 = Debug|Any CPU
		{5B1F2984-8D8E-4F93-B141-B919424857CD}.Release|Any CPU.ActiveCfg = Release|Any CPU
		{5B1F2984-8D8E-4F93-B141-B919424857CD}.Release|Any CPU.Build.0 = Release|Any CPU
		{6CA861EE-A217-450D-ADBE-6C731085A877}.Debug|Any CPU.ActiveCfg = Debug|Any CPU
		{6CA861EE-A217-450D-ADBE-6C731085A877}.Debug|Any CPU.Build.0 = Debug|Any CPU
		{6CA861EE-A217-450D-ADBE-6C731085A877}.Release|Any CPU.ActiveCfg = Release|Any CPU
		{6CA861EE-A217-450D-ADBE-6C731085A877}.Release|Any CPU.Build.0 = Release|Any CPU
		{B84D8432-0C59-487B-ABDA-723542F3FABE}.Debug|Any CPU.ActiveCfg = Debug|Any CPU
		{B84D8432-0C59-487B-ABDA-723542F3FABE}.Debug|Any CPU.Build.0 = Debug|Any CPU
		{B84D8432-0C59-487B-ABDA-723542F3FABE}.Release|Any CPU.ActiveCfg = Release|Any CPU
		{B84D8432-0C59-487B-ABDA-723542F3FABE}.Release|Any CPU.Build.0 = Release|Any CPU
		{AA1DB785-6E56-4345-B562-735CC2C32774}.Debug|Any CPU.ActiveCfg = Debug|Any CPU
		{AA1DB785-6E56-4345-B562-735CC2C32774}.Debug|Any CPU.Build.0 = Debug|Any CPU
		{AA1DB785-6E56-4345-B562-735CC2C32774}.Release|Any CPU.ActiveCfg = Release|Any CPU
		{AA1DB785-6E56-4345-B562-735CC2C32774}.Release|Any CPU.Build.0 = Release|Any CPU
	EndGlobalSection
	GlobalSection(SolutionProperties) = preSolution
		HideSolutionNode = FALSE
	EndGlobalSection
	GlobalSection(ExtensibilityGlobals) = postSolution
		SolutionGuid = {832CAEB0-4E6D-40E7-9AED-EB0CDAA4FDAC}
	EndGlobalSection
EndGlobal
